// !$*UTF8*$!
{
	archiveVersion = 1;
	classes = {
	};
	objectVersion = 46;
	objects = {

/* Begin PBXBuildFile section */
		B23426F819488A0000A0D11C /* Foundation.framework in Frameworks */ = {isa = PBXBuildFile; fileRef = B23426F719488A0000A0D11C /* Foundation.framework */; };
		B23426FA19488A0000A0D11C /* CoreGraphics.framework in Frameworks */ = {isa = PBXBuildFile; fileRef = B23426F919488A0000A0D11C /* CoreGraphics.framework */; };
		B23426FC19488A0000A0D11C /* UIKit.framework in Frameworks */ = {isa = PBXBuildFile; fileRef = B23426FB19488A0000A0D11C /* UIKit.framework */; };
		B234270219488A0000A0D11C /* InfoPlist.strings in Resources */ = {isa = PBXBuildFile; fileRef = B234270019488A0000A0D11C /* InfoPlist.strings */; };
		B234270419488A0000A0D11C /* main.m in Sources */ = {isa = PBXBuildFile; fileRef = B234270319488A0000A0D11C /* main.m */; };
		B234270819488A0000A0D11C /* AppDelegate.m in Sources */ = {isa = PBXBuildFile; fileRef = B234270719488A0000A0D11C /* AppDelegate.m */; };
		B234270A19488A0000A0D11C /* Images.xcassets in Resources */ = {isa = PBXBuildFile; fileRef = B234270919488A0000A0D11C /* Images.xcassets */; };
		B234271119488A0000A0D11C /* XCTest.framework in Frameworks */ = {isa = PBXBuildFile; fileRef = B234271019488A0000A0D11C /* XCTest.framework */; };
		B234271219488A0000A0D11C /* Foundation.framework in Frameworks */ = {isa = PBXBuildFile; fileRef = B23426F719488A0000A0D11C /* Foundation.framework */; };
		B234271319488A0000A0D11C /* UIKit.framework in Frameworks */ = {isa = PBXBuildFile; fileRef = B23426FB19488A0000A0D11C /* UIKit.framework */; };
		B234271B19488A0000A0D11C /* InfoPlist.strings in Resources */ = {isa = PBXBuildFile; fileRef = B234271919488A0000A0D11C /* InfoPlist.strings */; };
		B234271D19488A0000A0D11C /* CEMKitTests.m in Sources */ = {isa = PBXBuildFile; fileRef = B234271C19488A0000A0D11C /* CEMKitTests.m */; };
		B234272919488A1B00A0D11C /* TestViewController.m in Sources */ = {isa = PBXBuildFile; fileRef = B234272819488A1B00A0D11C /* TestViewController.m */; };
		B25B05E31A03A87E0072A231 /* UIView+CEMKit.m in Sources */ = {isa = PBXBuildFile; fileRef = B25B05E21A03A87E0072A231 /* UIView+CEMKit.m */; };
		B27E4EFE1B32A93100151E29 /* UILabel+CEMKit.m in Sources */ = {isa = PBXBuildFile; fileRef = B27E4EFD1B32A93100151E29 /* UILabel+CEMKit.m */; };
		B27E4F161B32BAD100151E29 /* NSURLConnection+CEMKIt.m in Sources */ = {isa = PBXBuildFile; fileRef = B27E4F0F1B32BAD100151E29 /* NSURLConnection+CEMKIt.m */; };
		B27E4F171B32BAD100151E29 /* UIButton+CEMKit.m in Sources */ = {isa = PBXBuildFile; fileRef = B27E4F111B32BAD100151E29 /* UIButton+CEMKit.m */; };
		B27E4F181B32BAD100151E29 /* UIColor+CEMKit.m in Sources */ = {isa = PBXBuildFile; fileRef = B27E4F131B32BAD100151E29 /* UIColor+CEMKit.m */; };
		B27E4F191B32BAD100151E29 /* UIImageView+CEMKit.m in Sources */ = {isa = PBXBuildFile; fileRef = B27E4F151B32BAD100151E29 /* UIImageView+CEMKit.m */; };
		B27E4F1E1B32C3DB00151E29 /* Main.storyboard in Resources */ = {isa = PBXBuildFile; fileRef = B27E4F1D1B32C3DB00151E29 /* Main.storyboard */; };
		B27E4F651B32C61E00151E29 /* NSAttributedString+CEMKit.m in Sources */ = {isa = PBXBuildFile; fileRef = B27E4F621B32C61E00151E29 /* NSAttributedString+CEMKit.m */; };
		B27E4F661B32C61E00151E29 /* UIScrollView+CEMKit.m in Sources */ = {isa = PBXBuildFile; fileRef = B27E4F641B32C61E00151E29 /* UIScrollView+CEMKit.m */; };
/* End PBXBuildFile section */

/* Begin PBXContainerItemProxy section */
		B234271419488A0000A0D11C /* PBXContainerItemProxy */ = {
			isa = PBXContainerItemProxy;
			containerPortal = B23426EC19488A0000A0D11C /* Project object */;
			proxyType = 1;
			remoteGlobalIDString = B23426F319488A0000A0D11C;
			remoteInfo = CEMKit;
		};
/* End PBXContainerItemProxy section */

/* Begin PBXFileReference section */
		B23426F419488A0000A0D11C /* CEMKit.app */ = {isa = PBXFileReference; explicitFileType = wrapper.application; includeInIndex = 0; path = CEMKit.app; sourceTree = BUILT_PRODUCTS_DIR; };
		B23426F719488A0000A0D11C /* Foundation.framework */ = {isa = PBXFileReference; lastKnownFileType = wrapper.framework; name = Foundation.framework; path = System/Library/Frameworks/Foundation.framework; sourceTree = SDKROOT; };
		B23426F919488A0000A0D11C /* CoreGraphics.framework */ = {isa = PBXFileReference; lastKnownFileType = wrapper.framework; name = CoreGraphics.framework; path = System/Library/Frameworks/CoreGraphics.framework; sourceTree = SDKROOT; };
		B23426FB19488A0000A0D11C /* UIKit.framework */ = {isa = PBXFileReference; lastKnownFileType = wrapper.framework; name = UIKit.framework; path = System/Library/Frameworks/UIKit.framework; sourceTree = SDKROOT; };
		B23426FF19488A0000A0D11C /* CEMKit-Info.plist */ = {isa = PBXFileReference; lastKnownFileType = text.plist.xml; path = "CEMKit-Info.plist"; sourceTree = "<group>"; };
		B234270119488A0000A0D11C /* en */ = {isa = PBXFileReference; lastKnownFileType = text.plist.strings; name = en; path = en.lproj/InfoPlist.strings; sourceTree = "<group>"; };
		B234270319488A0000A0D11C /* main.m */ = {isa = PBXFileReference; lastKnownFileType = sourcecode.c.objc; path = main.m; sourceTree = "<group>"; };
		B234270519488A0000A0D11C /* CEMKit-Prefix.pch */ = {isa = PBXFileReference; lastKnownFileType = sourcecode.c.h; path = "CEMKit-Prefix.pch"; sourceTree = "<group>"; };
		B234270619488A0000A0D11C /* AppDelegate.h */ = {isa = PBXFileReference; lastKnownFileType = sourcecode.c.h; path = AppDelegate.h; sourceTree = "<group>"; };
		B234270719488A0000A0D11C /* AppDelegate.m */ = {isa = PBXFileReference; lastKnownFileType = sourcecode.c.objc; path = AppDelegate.m; sourceTree = "<group>"; };
		B234270919488A0000A0D11C /* Images.xcassets */ = {isa = PBXFileReference; lastKnownFileType = folder.assetcatalog; path = Images.xcassets; sourceTree = "<group>"; };
		B234270F19488A0000A0D11C /* CEMKitTests.xctest */ = {isa = PBXFileReference; explicitFileType = wrapper.cfbundle; includeInIndex = 0; path = CEMKitTests.xctest; sourceTree = BUILT_PRODUCTS_DIR; };
		B234271019488A0000A0D11C /* XCTest.framework */ = {isa = PBXFileReference; lastKnownFileType = wrapper.framework; name = XCTest.framework; path = Library/Frameworks/XCTest.framework; sourceTree = DEVELOPER_DIR; };
		B234271819488A0000A0D11C /* CEMKitTests-Info.plist */ = {isa = PBXFileReference; lastKnownFileType = text.plist.xml; path = "CEMKitTests-Info.plist"; sourceTree = "<group>"; };
		B234271A19488A0000A0D11C /* en */ = {isa = PBXFileReference; lastKnownFileType = text.plist.strings; name = en; path = en.lproj/InfoPlist.strings; sourceTree = "<group>"; };
		B234271C19488A0000A0D11C /* CEMKitTests.m */ = {isa = PBXFileReference; lastKnownFileType = sourcecode.c.objc; path = CEMKitTests.m; sourceTree = "<group>"; };
		B234272719488A1B00A0D11C /* TestViewController.h */ = {isa = PBXFileReference; fileEncoding = 4; lastKnownFileType = sourcecode.c.h; path = TestViewController.h; sourceTree = "<group>"; };
		B234272819488A1B00A0D11C /* TestViewController.m */ = {isa = PBXFileReference; fileEncoding = 4; lastKnownFileType = sourcecode.c.objc; path = TestViewController.m; sourceTree = "<group>"; };
		B234272A19488A3600A0D11C /* CEMKit.h */ = {isa = PBXFileReference; fileEncoding = 4; lastKnownFileType = sourcecode.c.h; name = CEMKit.h; path = CEMKit/CEMKit.h; sourceTree = "<group>"; };
		B25B05E11A03A87E0072A231 /* UIView+CEMKit.h */ = {isa = PBXFileReference; fileEncoding = 4; lastKnownFileType = sourcecode.c.h; name = "UIView+CEMKit.h"; path = "CEMKit/UIView+CEMKit.h"; sourceTree = "<group>"; };
		B25B05E21A03A87E0072A231 /* UIView+CEMKit.m */ = {isa = PBXFileReference; fileEncoding = 4; lastKnownFileType = sourcecode.c.objc; name = "UIView+CEMKit.m"; path = "CEMKit/UIView+CEMKit.m"; sourceTree = "<group>"; };
		B27E4EFC1B32A93100151E29 /* UILabel+CEMKit.h */ = {isa = PBXFileReference; fileEncoding = 4; lastKnownFileType = sourcecode.c.h; name = "UILabel+CEMKit.h"; path = "CEMKit/UILabel+CEMKit.h"; sourceTree = "<group>"; };
		B27E4EFD1B32A93100151E29 /* UILabel+CEMKit.m */ = {isa = PBXFileReference; fileEncoding = 4; lastKnownFileType = sourcecode.c.objc; name = "UILabel+CEMKit.m"; path = "CEMKit/UILabel+CEMKit.m"; sourceTree = "<group>"; };
		B27E4F0E1B32BAD100151E29 /* NSURLConnection+CEMKIt.h */ = {isa = PBXFileReference; fileEncoding = 4; lastKnownFileType = sourcecode.c.h; name = "NSURLConnection+CEMKIt.h"; path = "CEMKit/NSURLConnection+CEMKIt.h"; sourceTree = "<group>"; };
		B27E4F0F1B32BAD100151E29 /* NSURLConnection+CEMKIt.m */ = {isa = PBXFileReference; fileEncoding = 4; lastKnownFileType = sourcecode.c.objc; name = "NSURLConnection+CEMKIt.m"; path = "CEMKit/NSURLConnection+CEMKIt.m"; sourceTree = "<group>"; };
		B27E4F101B32BAD100151E29 /* UIButton+CEMKit.h */ = {isa = PBXFileReference; fileEncoding = 4; lastKnownFileType = sourcecode.c.h; name = "UIButton+CEMKit.h"; path = "CEMKit/UIButton+CEMKit.h"; sourceTree = "<group>"; };
		B27E4F111B32BAD100151E29 /* UIButton+CEMKit.m */ = {isa = PBXFileReference; fileEncoding = 4; lastKnownFileType = sourcecode.c.objc; name = "UIButton+CEMKit.m"; path = "CEMKit/UIButton+CEMKit.m"; sourceTree = "<group>"; };
		B27E4F121B32BAD100151E29 /* UIColor+CEMKit.h */ = {isa = PBXFileReference; fileEncoding = 4; lastKnownFileType = sourcecode.c.h; name = "UIColor+CEMKit.h"; path = "CEMKit/UIColor+CEMKit.h"; sourceTree = "<group>"; };
		B27E4F131B32BAD100151E29 /* UIColor+CEMKit.m */ = {isa = PBXFileReference; fileEncoding = 4; lastKnownFileType = sourcecode.c.objc; name = "UIColor+CEMKit.m"; path = "CEMKit/UIColor+CEMKit.m"; sourceTree = "<group>"; };
		B27E4F141B32BAD100151E29 /* UIImageView+CEMKit.h */ = {isa = PBXFileReference; fileEncoding = 4; lastKnownFileType = sourcecode.c.h; name = "UIImageView+CEMKit.h"; path = "CEMKit/UIImageView+CEMKit.h"; sourceTree = "<group>"; };
		B27E4F151B32BAD100151E29 /* UIImageView+CEMKit.m */ = {isa = PBXFileReference; fileEncoding = 4; lastKnownFileType = sourcecode.c.objc; name = "UIImageView+CEMKit.m"; path = "CEMKit/UIImageView+CEMKit.m"; sourceTree = "<group>"; };
		B27E4F1D1B32C3DB00151E29 /* Main.storyboard */ = {isa = PBXFileReference; fileEncoding = 4; lastKnownFileType = file.storyboard; path = Main.storyboard; sourceTree = "<group>"; };
		B27E4F611B32C61E00151E29 /* NSAttributedString+CEMKit.h */ = {isa = PBXFileReference; fileEncoding = 4; lastKnownFileType = sourcecode.c.h; name = "NSAttributedString+CEMKit.h"; path = "CEMKit/NSAttributedString+CEMKit.h"; sourceTree = "<group>"; };
		B27E4F621B32C61E00151E29 /* NSAttributedString+CEMKit.m */ = {isa = PBXFileReference; fileEncoding = 4; lastKnownFileType = sourcecode.c.objc; name = "NSAttributedString+CEMKit.m"; path = "CEMKit/NSAttributedString+CEMKit.m"; sourceTree = "<group>"; };
		B27E4F631B32C61E00151E29 /* UIScrollView+CEMKit.h */ = {isa = PBXFileReference; fileEncoding = 4; lastKnownFileType = sourcecode.c.h; name = "UIScrollView+CEMKit.h"; path = "CEMKit/UIScrollView+CEMKit.h"; sourceTree = "<group>"; };
		B27E4F641B32C61E00151E29 /* UIScrollView+CEMKit.m */ = {isa = PBXFileReference; fileEncoding = 4; lastKnownFileType = sourcecode.c.objc; name = "UIScrollView+CEMKit.m"; path = "CEMKit/UIScrollView+CEMKit.m"; sourceTree = "<group>"; };
/* End PBXFileReference section */

/* Begin PBXFrameworksBuildPhase section */
		B23426F119488A0000A0D11C /* Frameworks */ = {
			isa = PBXFrameworksBuildPhase;
			buildActionMask = 2147483647;
			files = (
				B23426FA19488A0000A0D11C /* CoreGraphics.framework in Frameworks */,
				B23426FC19488A0000A0D11C /* UIKit.framework in Frameworks */,
				B23426F819488A0000A0D11C /* Foundation.framework in Frameworks */,
			);
			runOnlyForDeploymentPostprocessing = 0;
		};
		B234270C19488A0000A0D11C /* Frameworks */ = {
			isa = PBXFrameworksBuildPhase;
			buildActionMask = 2147483647;
			files = (
				B234271119488A0000A0D11C /* XCTest.framework in Frameworks */,
				B234271319488A0000A0D11C /* UIKit.framework in Frameworks */,
				B234271219488A0000A0D11C /* Foundation.framework in Frameworks */,
			);
			runOnlyForDeploymentPostprocessing = 0;
		};
/* End PBXFrameworksBuildPhase section */

/* Begin PBXGroup section */
		B23426EB19488A0000A0D11C = {
			isa = PBXGroup;
			children = (
				B23426FD19488A0000A0D11C /* CEMKit */,
				B234271619488A0000A0D11C /* CEMKitTests */,
				B23426F619488A0000A0D11C /* Frameworks */,
				B23426F519488A0000A0D11C /* Products */,
			);
			sourceTree = "<group>";
		};
		B23426F519488A0000A0D11C /* Products */ = {
			isa = PBXGroup;
			children = (
				B23426F419488A0000A0D11C /* CEMKit.app */,
				B234270F19488A0000A0D11C /* CEMKitTests.xctest */,
			);
			name = Products;
			sourceTree = "<group>";
		};
		B23426F619488A0000A0D11C /* Frameworks */ = {
			isa = PBXGroup;
			children = (
				B23426F719488A0000A0D11C /* Foundation.framework */,
				B23426F919488A0000A0D11C /* CoreGraphics.framework */,
				B23426FB19488A0000A0D11C /* UIKit.framework */,
				B234271019488A0000A0D11C /* XCTest.framework */,
			);
			name = Frameworks;
			sourceTree = "<group>";
		};
		B23426FD19488A0000A0D11C /* CEMKit */ = {
			isa = PBXGroup;
			children = (
				B234272619488A0700A0D11C /* CEMKit */,
				B234270619488A0000A0D11C /* AppDelegate.h */,
				B234270719488A0000A0D11C /* AppDelegate.m */,
				B234272719488A1B00A0D11C /* TestViewController.h */,
				B234272819488A1B00A0D11C /* TestViewController.m */,
				B23426FE19488A0000A0D11C /* Supporting Files */,
			);
			path = CEMKit;
			sourceTree = "<group>";
		};
		B23426FE19488A0000A0D11C /* Supporting Files */ = {
			isa = PBXGroup;
			children = (
				B234270919488A0000A0D11C /* Images.xcassets */,
				B27E4F1D1B32C3DB00151E29 /* Main.storyboard */,
				B23426FF19488A0000A0D11C /* CEMKit-Info.plist */,
				B234270019488A0000A0D11C /* InfoPlist.strings */,
				B234270319488A0000A0D11C /* main.m */,
				B234270519488A0000A0D11C /* CEMKit-Prefix.pch */,
			);
			name = "Supporting Files";
			sourceTree = "<group>";
		};
		B234271619488A0000A0D11C /* CEMKitTests */ = {
			isa = PBXGroup;
			children = (
				B234271C19488A0000A0D11C /* CEMKitTests.m */,
				B234271719488A0000A0D11C /* Supporting Files */,
			);
			path = CEMKitTests;
			sourceTree = "<group>";
		};
		B234271719488A0000A0D11C /* Supporting Files */ = {
			isa = PBXGroup;
			children = (
				B234271819488A0000A0D11C /* CEMKitTests-Info.plist */,
				B234271919488A0000A0D11C /* InfoPlist.strings */,
			);
			name = "Supporting Files";
			sourceTree = "<group>";
		};
		B234272619488A0700A0D11C /* CEMKit */ = {
			isa = PBXGroup;
			children = (
				B234272A19488A3600A0D11C /* CEMKit.h */,
				B25B05E11A03A87E0072A231 /* UIView+CEMKit.h */,
				B25B05E21A03A87E0072A231 /* UIView+CEMKit.m */,
				B27E4F631B32C61E00151E29 /* UIScrollView+CEMKit.h */,
				B27E4F641B32C61E00151E29 /* UIScrollView+CEMKit.m */,
				B27E4EFC1B32A93100151E29 /* UILabel+CEMKit.h */,
				B27E4EFD1B32A93100151E29 /* UILabel+CEMKit.m */,
				B27E4F101B32BAD100151E29 /* UIButton+CEMKit.h */,
				B27E4F111B32BAD100151E29 /* UIButton+CEMKit.m */,
				B27E4F121B32BAD100151E29 /* UIColor+CEMKit.h */,
				B27E4F131B32BAD100151E29 /* UIColor+CEMKit.m */,
				B27E4F141B32BAD100151E29 /* UIImageView+CEMKit.h */,
				B27E4F151B32BAD100151E29 /* UIImageView+CEMKit.m */,
				B27E4F0E1B32BAD100151E29 /* NSURLConnection+CEMKIt.h */,
				B27E4F0F1B32BAD100151E29 /* NSURLConnection+CEMKIt.m */,
				B27E4F611B32C61E00151E29 /* NSAttributedString+CEMKit.h */,
				B27E4F621B32C61E00151E29 /* NSAttributedString+CEMKit.m */,
			);
			name = CEMKit;
			sourceTree = "<group>";
		};
/* End PBXGroup section */

/* Begin PBXNativeTarget section */
		B23426F319488A0000A0D11C /* CEMKit */ = {
			isa = PBXNativeTarget;
			buildConfigurationList = B234272019488A0000A0D11C /* Build configuration list for PBXNativeTarget "CEMKit" */;
			buildPhases = (
				B23426F019488A0000A0D11C /* Sources */,
				B23426F119488A0000A0D11C /* Frameworks */,
				B23426F219488A0000A0D11C /* Resources */,
			);
			buildRules = (
			);
			dependencies = (
			);
			name = CEMKit;
			productName = CEMKit;
			productReference = B23426F419488A0000A0D11C /* CEMKit.app */;
			productType = "com.apple.product-type.application";
		};
		B234270E19488A0000A0D11C /* CEMKitTests */ = {
			isa = PBXNativeTarget;
			buildConfigurationList = B234272319488A0000A0D11C /* Build configuration list for PBXNativeTarget "CEMKitTests" */;
			buildPhases = (
				B234270B19488A0000A0D11C /* Sources */,
				B234270C19488A0000A0D11C /* Frameworks */,
				B234270D19488A0000A0D11C /* Resources */,
			);
			buildRules = (
			);
			dependencies = (
				B234271519488A0000A0D11C /* PBXTargetDependency */,
			);
			name = CEMKitTests;
			productName = CEMKitTests;
			productReference = B234270F19488A0000A0D11C /* CEMKitTests.xctest */;
			productType = "com.apple.product-type.bundle.unit-test";
		};
/* End PBXNativeTarget section */

/* Begin PBXProject section */
		B23426EC19488A0000A0D11C /* Project object */ = {
			isa = PBXProject;
			attributes = {
				LastUpgradeCheck = 0700;
				ORGANIZATIONNAME = studionord;
				TargetAttributes = {
					B234270E19488A0000A0D11C = {
						TestTargetID = B23426F319488A0000A0D11C;
					};
				};
			};
			buildConfigurationList = B23426EF19488A0000A0D11C /* Build configuration list for PBXProject "CEMKit" */;
			compatibilityVersion = "Xcode 3.2";
			developmentRegion = English;
			hasScannedForEncodings = 0;
			knownRegions = (
				en,
			);
			mainGroup = B23426EB19488A0000A0D11C;
			productRefGroup = B23426F519488A0000A0D11C /* Products */;
			projectDirPath = "";
			projectRoot = "";
			targets = (
				B23426F319488A0000A0D11C /* CEMKit */,
				B234270E19488A0000A0D11C /* CEMKitTests */,
			);
		};
/* End PBXProject section */

/* Begin PBXResourcesBuildPhase section */
		B23426F219488A0000A0D11C /* Resources */ = {
			isa = PBXResourcesBuildPhase;
			buildActionMask = 2147483647;
			files = (
				B27E4F1E1B32C3DB00151E29 /* Main.storyboard in Resources */,
				B234270219488A0000A0D11C /* InfoPlist.strings in Resources */,
				B234270A19488A0000A0D11C /* Images.xcassets in Resources */,
			);
			runOnlyForDeploymentPostprocessing = 0;
		};
		B234270D19488A0000A0D11C /* Resources */ = {
			isa = PBXResourcesBuildPhase;
			buildActionMask = 2147483647;
			files = (
				B234271B19488A0000A0D11C /* InfoPlist.strings in Resources */,
			);
			runOnlyForDeploymentPostprocessing = 0;
		};
/* End PBXResourcesBuildPhase section */

/* Begin PBXSourcesBuildPhase section */
		B23426F019488A0000A0D11C /* Sources */ = {
			isa = PBXSourcesBuildPhase;
			buildActionMask = 2147483647;
			files = (
				B234272919488A1B00A0D11C /* TestViewController.m in Sources */,
				B234270819488A0000A0D11C /* AppDelegate.m in Sources */,
				B27E4F161B32BAD100151E29 /* NSURLConnection+CEMKIt.m in Sources */,
				B27E4F181B32BAD100151E29 /* UIColor+CEMKit.m in Sources */,
				B27E4F651B32C61E00151E29 /* NSAttributedString+CEMKit.m in Sources */,
				B27E4EFE1B32A93100151E29 /* UILabel+CEMKit.m in Sources */,
				B25B05E31A03A87E0072A231 /* UIView+CEMKit.m in Sources */,
				B27E4F171B32BAD100151E29 /* UIButton+CEMKit.m in Sources */,
				B234270419488A0000A0D11C /* main.m in Sources */,
				B27E4F191B32BAD100151E29 /* UIImageView+CEMKit.m in Sources */,
				B27E4F661B32C61E00151E29 /* UIScrollView+CEMKit.m in Sources */,
			);
			runOnlyForDeploymentPostprocessing = 0;
		};
		B234270B19488A0000A0D11C /* Sources */ = {
			isa = PBXSourcesBuildPhase;
			buildActionMask = 2147483647;
			files = (
				B234271D19488A0000A0D11C /* CEMKitTests.m in Sources */,
			);
			runOnlyForDeploymentPostprocessing = 0;
		};
/* End PBXSourcesBuildPhase section */

/* Begin PBXTargetDependency section */
		B234271519488A0000A0D11C /* PBXTargetDependency */ = {
			isa = PBXTargetDependency;
			target = B23426F319488A0000A0D11C /* CEMKit */;
			targetProxy = B234271419488A0000A0D11C /* PBXContainerItemProxy */;
		};
/* End PBXTargetDependency section */

/* Begin PBXVariantGroup section */
		B234270019488A0000A0D11C /* InfoPlist.strings */ = {
			isa = PBXVariantGroup;
			children = (
				B234270119488A0000A0D11C /* en */,
			);
			name = InfoPlist.strings;
			sourceTree = "<group>";
		};
		B234271919488A0000A0D11C /* InfoPlist.strings */ = {
			isa = PBXVariantGroup;
			children = (
				B234271A19488A0000A0D11C /* en */,
			);
			name = InfoPlist.strings;
			sourceTree = "<group>";
		};
/* End PBXVariantGroup section */

/* Begin XCBuildConfiguration section */
		B234271E19488A0000A0D11C /* Debug */ = {
			isa = XCBuildConfiguration;
			buildSettings = {
				ALWAYS_SEARCH_USER_PATHS = NO;
				CLANG_CXX_LANGUAGE_STANDARD = "gnu++0x";
				CLANG_CXX_LIBRARY = "libc++";
				CLANG_ENABLE_MODULES = YES;
				CLANG_ENABLE_OBJC_ARC = YES;
				CLANG_WARN_BOOL_CONVERSION = YES;
				CLANG_WARN_CONSTANT_CONVERSION = YES;
				CLANG_WARN_DIRECT_OBJC_ISA_USAGE = YES_ERROR;
				CLANG_WARN_EMPTY_BODY = YES;
				CLANG_WARN_ENUM_CONVERSION = YES;
				CLANG_WARN_INT_CONVERSION = YES;
				CLANG_WARN_OBJC_ROOT_CLASS = YES_ERROR;
				CLANG_WARN__DUPLICATE_METHOD_MATCH = YES;
				"CODE_SIGN_IDENTITY[sdk=iphoneos*]" = "iPhone Developer";
				COPY_PHASE_STRIP = NO;
				ENABLE_TESTABILITY = YES;
				GCC_C_LANGUAGE_STANDARD = gnu99;
				GCC_DYNAMIC_NO_PIC = NO;
				GCC_OPTIMIZATION_LEVEL = 0;
				GCC_PREPROCESSOR_DEFINITIONS = (
					"DEBUG=1",
					"$(inherited)",
				);
				GCC_SYMBOLS_PRIVATE_EXTERN = NO;
				GCC_WARN_64_TO_32_BIT_CONVERSION = YES;
				GCC_WARN_ABOUT_RETURN_TYPE = YES_ERROR;
				GCC_WARN_UNDECLARED_SELECTOR = YES;
				GCC_WARN_UNINITIALIZED_AUTOS = YES_AGGRESSIVE;
				GCC_WARN_UNUSED_FUNCTION = YES;
				GCC_WARN_UNUSED_VARIABLE = YES;
				IPHONEOS_DEPLOYMENT_TARGET = 7.1;
				ONLY_ACTIVE_ARCH = YES;
				SDKROOT = iphoneos;
				TARGETED_DEVICE_FAMILY = "1,2";
			};
			name = Debug;
		};
		B234271F19488A0000A0D11C /* Release */ = {
			isa = XCBuildConfiguration;
			buildSettings = {
				ALWAYS_SEARCH_USER_PATHS = NO;
				CLANG_CXX_LANGUAGE_STANDARD = "gnu++0x";
				CLANG_CXX_LIBRARY = "libc++";
				CLANG_ENABLE_MODULES = YES;
				CLANG_ENABLE_OBJC_ARC = YES;
				CLANG_WARN_BOOL_CONVERSION = YES;
				CLANG_WARN_CONSTANT_CONVERSION = YES;
				CLANG_WARN_DIRECT_OBJC_ISA_USAGE = YES_ERROR;
				CLANG_WARN_EMPTY_BODY = YES;
				CLANG_WARN_ENUM_CONVERSION = YES;
				CLANG_WARN_INT_CONVERSION = YES;
				CLANG_WARN_OBJC_ROOT_CLASS = YES_ERROR;
				CLANG_WARN__DUPLICATE_METHOD_MATCH = YES;
				"CODE_SIGN_IDENTITY[sdk=iphoneos*]" = "iPhone Developer";
				COPY_PHASE_STRIP = YES;
				ENABLE_NS_ASSERTIONS = NO;
				GCC_C_LANGUAGE_STANDARD = gnu99;
				GCC_WARN_64_TO_32_BIT_CONVERSION = YES;
				GCC_WARN_ABOUT_RETURN_TYPE = YES_ERROR;
				GCC_WARN_UNDECLARED_SELECTOR = YES;
				GCC_WARN_UNINITIALIZED_AUTOS = YES_AGGRESSIVE;
				GCC_WARN_UNUSED_FUNCTION = YES;
				GCC_WARN_UNUSED_VARIABLE = YES;
				IPHONEOS_DEPLOYMENT_TARGET = 7.1;
				SDKROOT = iphoneos;
				TARGETED_DEVICE_FAMILY = "1,2";
				VALIDATE_PRODUCT = YES;
			};
			name = Release;
		};
		B234272119488A0000A0D11C /* Debug */ = {
			isa = XCBuildConfiguration;
			buildSettings = {
				ASSETCATALOG_COMPILER_APPICON_NAME = AppIcon;
				ASSETCATALOG_COMPILER_LAUNCHIMAGE_NAME = LaunchImage;
				GCC_PRECOMPILE_PREFIX_HEADER = YES;
				GCC_PREFIX_HEADER = "CEMKit/CEMKit-Prefix.pch";
				INFOPLIST_FILE = "CEMKit/CEMKit-Info.plist";
				IPHONEOS_DEPLOYMENT_TARGET = 7.1;
				PRODUCT_BUNDLE_IDENTIFIER = "org.studionord.${PRODUCT_NAME:rfc1034identifier}";
				PRODUCT_NAME = "$(TARGET_NAME)";
				WRAPPER_EXTENSION = app;
			};
			name = Debug;
		};
		B234272219488A0000A0D11C /* Release */ = {
			isa = XCBuildConfiguration;
			buildSettings = {
				ASSETCATALOG_COMPILER_APPICON_NAME = AppIcon;
				ASSETCATALOG_COMPILER_LAUNCHIMAGE_NAME = LaunchImage;
				GCC_PRECOMPILE_PREFIX_HEADER = YES;
				GCC_PREFIX_HEADER = "CEMKit/CEMKit-Prefix.pch";
				INFOPLIST_FILE = "CEMKit/CEMKit-Info.plist";
				IPHONEOS_DEPLOYMENT_TARGET = 7.1;
				PRODUCT_BUNDLE_IDENTIFIER = "org.studionord.${PRODUCT_NAME:rfc1034identifier}";
				PRODUCT_NAME = "$(TARGET_NAME)";
				WRAPPER_EXTENSION = app;
			};
			name = Release;
		};
		B234272419488A0000A0D11C /* Debug */ = {
			isa = XCBuildConfiguration;
			buildSettings = {
				BUNDLE_LOADER = "$(BUILT_PRODUCTS_DIR)/CEMKit.app/CEMKit";
				FRAMEWORK_SEARCH_PATHS = (
					"$(SDKROOT)/Developer/Library/Frameworks",
					"$(inherited)",
					"$(DEVELOPER_FRAMEWORKS_DIR)",
				);
				GCC_PRECOMPILE_PREFIX_HEADER = YES;
				GCC_PREFIX_HEADER = "CEMKit/CEMKit-Prefix.pch";
				GCC_PREPROCESSOR_DEFINITIONS = (
					"DEBUG=1",
					"$(inherited)",
				);
				INFOPLIST_FILE = "CEMKitTests/CEMKitTests-Info.plist";
				PRODUCT_BUNDLE_IDENTIFIER = "org.studionord.${PRODUCT_NAME:rfc1034identifier}";
				PRODUCT_NAME = "$(TARGET_NAME)";
				TEST_HOST = "$(BUNDLE_LOADER)";
				WRAPPER_EXTENSION = xctest;
			};
			name = Debug;
		};
		B234272519488A0000A0D11C /* Release */ = {
			isa = XCBuildConfiguration;
			buildSettings = {
				BUNDLE_LOADER = "$(BUILT_PRODUCTS_DIR)/CEMKit.app/CEMKit";
				FRAMEWORK_SEARCH_PATHS = (
					"$(SDKROOT)/Developer/Library/Frameworks",
					"$(inherited)",
					"$(DEVELOPER_FRAMEWORKS_DIR)",
				);
				GCC_PRECOMPILE_PREFIX_HEADER = YES;
				GCC_PREFIX_HEADER = "CEMKit/CEMKit-Prefix.pch";
				INFOPLIST_FILE = "CEMKitTests/CEMKitTests-Info.plist";
				PRODUCT_BUNDLE_IDENTIFIER = "org.studionord.${PRODUCT_NAME:rfc1034identifier}";
				PRODUCT_NAME = "$(TARGET_NAME)";
				TEST_HOST = "$(BUNDLE_LOADER)";
				WRAPPER_EXTENSION = xctest;
			};
			name = Release;
		};
/* End XCBuildConfiguration section */

/* Begin XCConfigurationList section */
		B23426EF19488A0000A0D11C /* Build configuration list for PBXProject "CEMKit" */ = {
			isa = XCConfigurationList;
			buildConfigurations = (
				B234271E19488A0000A0D11C /* Debug */,
				B234271F19488A0000A0D11C /* Release */,
			);
			defaultConfigurationIsVisible = 0;
			defaultConfigurationName = Release;
		};
		B234272019488A0000A0D11C /* Build configuration list for PBXNativeTarget "CEMKit" */ = {
			isa = XCConfigurationList;
			buildConfigurations = (
				B234272119488A0000A0D11C /* Debug */,
				B234272219488A0000A0D11C /* Release */,
			);
			defaultConfigurationIsVisible = 0;
			defaultConfigurationName = Release;
		};
		B234272319488A0000A0D11C /* Build configuration list for PBXNativeTarget "CEMKitTests" */ = {
			isa = XCConfigurationList;
			buildConfigurations = (
				B234272419488A0000A0D11C /* Debug */,
				B234272519488A0000A0D11C /* Release */,
			);
			defaultConfigurationIsVisible = 0;
			defaultConfigurationName = Release;
		};
/* End XCConfigurationList section */
	};
	rootObject = B23426EC19488A0000A0D11C /* Project object */;
}
